
Microsoft Visual Studio Solution File, Format Version 11.00
# Visual Studio 2010
Project("{FAE04EC0-301F-11D3-BF4B-00C04F79EFBC}") = "genetik-perceptron", "genetik-perceptron\genetik-perceptron.csproj", "{E7FFBDFA-0236-482E-977F-1E8EF445B57E}"
EndProject
Global
	GlobalSection(SolutionConfigurationPlatforms) = preSolution
		Debug|x86 = Debug|x86
		Release|x86 = Release|x86
	EndGlobalSection
	GlobalSection(ProjectConfigurationPlatforms) = postSolution
		{E7FFBDFA-0236-482E-977F-1E8EF445B57E}.Debug|x86.ActiveCfg = Debug|x86
		{E7FFBDFA-0236-482E-977F-1E8EF445B57E}.Debug|x86.Build.0 = Debug|x86
		{E7FFBDFA-0236-482E-977F-1E8EF445B57E}.Release|x86.ActiveCfg = Release|x86
		{E7FFBDFA-0236-482E-977F-1E8EF445B57E}.Release|x86.Build.0 = Release|x86
	EndGlobalSection
	GlobalSection(MonoDevelopProperties) = preSolution
		StartupItem = genetik-perceptron\genetik-perceptron.csproj
	EndGlobalSection
EndGlobal
